
Microsoft Visual Studio Solution File, Format Version 12.00
# Visual Studio Version 16
VisualStudioVersion = 16.0.30621.155
MinimumVisualStudioVersion = 10.0.40219.1
Project("{FAE04EC0-301F-11D3-BF4B-00C04F79EFBC}") = "ConsoleApp6", "ConsoleApp6\ConsoleApp6.csproj", "{5A8012D2-A21F-4AAE-86CE-EAD0C1E7B842}"
EndProject
Global
	GlobalSection(SolutionConfigurationPlatforms) = preSolution
		Debug|Any CPU = Debug|Any CPU
		Release|Any CPU = Release|Any CPU
	EndGlobalSection
	GlobalSection(ProjectConfigurationPlatforms) = postSolution
		{5A8012D2-A21F-4AAE-86CE-EAD0C1E7B842}.Debug|Any CPU.ActiveCfg = Debug|Any CPU
		{5A8012D2-A21F-4AAE-86CE-EAD0C1E7B842}.Debug|Any CPU.Build.0 = Debug|Any CPU
		{5A8012D2-A21F-4AAE-86CE-EAD0C1E7B842}.Release|Any CPU.ActiveCfg = Release|Any CPU
		{5A8012D2-A21F-4AAE-86CE-EAD0C1E7B842}.Release|Any CPU.Build.0 = Release|Any CPU
	EndGlobalSection
	GlobalSection(SolutionProperties) = preSolution
		HideSolutionNode = FALSE
	EndGlobalSection
	GlobalSection(ExtensibilityGlobals) = postSolution
		SolutionGuid = {0DB80E23-04EC-490F-ABF2-407C2CBC4291}
	EndGlobalSection
EndGlobal
